
Microsoft Visual Studio Solution File, Format Version 12.00
# Visual Studio Version 17
VisualStudioVersion = 17.13.35931.197
MinimumVisualStudioVersion = 10.0.40219.1
Project("{2150E333-8FDC-42A3-9474-1A3956D46DE8}") = "src", "src", "{02EA681E-C7D8-13C7-8484-4AC65E1B71E8}"
EndProject
Project("{2150E333-8FDC-42A3-9474-1A3956D46DE8}") = "adpters", "adpters", "{66B9A55E-ED43-4228-BCEE-7E9E794514A6}"
EndProject
Project("{2150E333-8FDC-42A3-9474-1A3956D46DE8}") = "Driven", "Driven", "{1DF9FA26-9408-4DD3-B4E3-FFA8050E059C}"
EndProject
Project("{2150E333-8FDC-42A3-9474-1A3956D46DE8}") = "Driver", "Driver", "{09D7DCE8-C27A-4B5C-BF05-7310C5C7F1C8}"
EndProject
Project("{2150E333-8FDC-42A3-9474-1A3956D46DE8}") = "core", "core", "{63B39E56-4C43-4424-B1F3-DF020EC7DC71}"
EndProject
Project("{2150E333-8FDC-42A3-9474-1A3956D46DE8}") = "tests", "tests", "{DF8B7923-E015-4A6B-A50C-CB853695B50A}"
EndProject
Project("{2150E333-8FDC-42A3-9474-1A3956D46DE8}") = "devops", "devops", "{2D8D2B60-9D6D-451C-9BB9-AF090C06390E}"
EndProject
Project("{E53339B2-1760-4266-BCC7-CA923CBCF16C}") = "docker-compose", "docker-compose.dcproj", "{81DDED9D-158B-E303-5F62-77A2896D2A5A}"
EndProject
Project("{FAE04EC0-301F-11D3-BF4B-00C04F79EFBC}") = "ProdutorRuralSensores.Infrastructure", "src\ProdutorRuralSensores.Infrastructure\ProdutorRuralSensores.Infrastructure.csproj", "{7559C380-953C-F0CF-7282-799EF2F76180}"
EndProject
Project("{FAE04EC0-301F-11D3-BF4B-00C04F79EFBC}") = "ProdutorRuralSensores.Api", "src\ProdutorRuralSensores.Api\ProdutorRuralSensores.Api.csproj", "{CECBDCC1-85D0-615B-09DA-CD27552C024B}"
EndProject
Project("{FAE04EC0-301F-11D3-BF4B-00C04F79EFBC}") = "ProdutorRuralSensores.Application", "src\ProdutorRuralSensores.Application\ProdutorRuralSensores.Application.csproj", "{8B4C1EF5-A000-5DC9-94EE-192196A96174}"
EndProject
Project("{FAE04EC0-301F-11D3-BF4B-00C04F79EFBC}") = "ProdutorRuralSensores.Domain", "src\ProdutorRuralSensores.Domain\ProdutorRuralSensores.Domain.csproj", "{6F9EC684-6707-EBEE-4FA3-315075009CDE}"
EndProject
Global
	GlobalSection(SolutionConfigurationPlatforms) = preSolution
		Debug|Any CPU = Debug|Any CPU
		Release|Any CPU = Release|Any CPU
	EndGlobalSection
	GlobalSection(ProjectConfigurationPlatforms) = postSolution
		{81DDED9D-158B-E303-5F62-77A2896D2A5A}.Debug|Any CPU.ActiveCfg = Debug|Any CPU
		{81DDED9D-158B-E303-5F62-77A2896D2A5A}.Debug|Any CPU.Build.0 = Debug|Any CPU
		{81DDED9D-158B-E303-5F62-77A2896D2A5A}.Release|Any CPU.ActiveCfg = Release|Any CPU
		{81DDED9D-158B-E303-5F62-77A2896D2A5A}.Release|Any CPU.Build.0 = Release|Any CPU
		{7559C380-953C-F0CF-7282-799EF2F76180}.Debug|Any CPU.ActiveCfg = Debug|Any CPU
		{7559C380-953C-F0CF-7282-799EF2F76180}.Debug|Any CPU.Build.0 = Debug|Any CPU
		{7559C380-953C-F0CF-7282-799EF2F76180}.Release|Any CPU.ActiveCfg = Release|Any CPU
		{7559C380-953C-F0CF-7282-799EF2F76180}.Release|Any CPU.Build.0 = Release|Any CPU
		{CECBDCC1-85D0-615B-09DA-CD27552C024B}.Debug|Any CPU.ActiveCfg = Debug|Any CPU
		{CECBDCC1-85D0-615B-09DA-CD27552C024B}.Debug|Any CPU.Build.0 = Debug|Any CPU
		{CECBDCC1-85D0-615B-09DA-CD27552C024B}.Release|Any CPU.ActiveCfg = Release|Any CPU
		{CECBDCC1-85D0-615B-09DA-CD27552C024B}.Release|Any CPU.Build.0 = Release|Any CPU
		{8B4C1EF5-A000-5DC9-94EE-192196A96174}.Debug|Any CPU.ActiveCfg = Debug|Any CPU
		{8B4C1EF5-A000-5DC9-94EE-192196A96174}.Debug|Any CPU.Build.0 = Debug|Any CPU
		{8B4C1EF5-A000-5DC9-94EE-192196A96174}.Release|Any CPU.ActiveCfg = Release|Any CPU
		{8B4C1EF5-A000-5DC9-94EE-192196A96174}.Release|Any CPU.Build.0 = Release|Any CPU
		{6F9EC684-6707-EBEE-4FA3-315075009CDE}.Debug|Any CPU.ActiveCfg = Debug|Any CPU
		{6F9EC684-6707-EBEE-4FA3-315075009CDE}.Debug|Any CPU.Build.0 = Debug|Any CPU
		{6F9EC684-6707-EBEE-4FA3-315075009CDE}.Release|Any CPU.ActiveCfg = Release|Any CPU
		{6F9EC684-6707-EBEE-4FA3-315075009CDE}.Release|Any CPU.Build.0 = Release|Any CPU
	EndGlobalSection
	GlobalSection(SolutionProperties) = preSolution
		HideSolutionNode = FALSE
	EndGlobalSection
	GlobalSection(NestedProjects) = preSolution
		{66B9A55E-ED43-4228-BCEE-7E9E794514A6} = {02EA681E-C7D8-13C7-8484-4AC65E1B71E8}
		{1DF9FA26-9408-4DD3-B4E3-FFA8050E059C} = {66B9A55E-ED43-4228-BCEE-7E9E794514A6}
		{09D7DCE8-C27A-4B5C-BF05-7310C5C7F1C8} = {66B9A55E-ED43-4228-BCEE-7E9E794514A6}
		{63B39E56-4C43-4424-B1F3-DF020EC7DC71} = {02EA681E-C7D8-13C7-8484-4AC65E1B71E8}
		{7559C380-953C-F0CF-7282-799EF2F76180} = {1DF9FA26-9408-4DD3-B4E3-FFA8050E059C}
		{CECBDCC1-85D0-615B-09DA-CD27552C024B} = {09D7DCE8-C27A-4B5C-BF05-7310C5C7F1C8}
		{8B4C1EF5-A000-5DC9-94EE-192196A96174} = {63B39E56-4C43-4424-B1F3-DF020EC7DC71}
		{6F9EC684-6707-EBEE-4FA3-315075009CDE} = {63B39E56-4C43-4424-B1F3-DF020EC7DC71}
	EndGlobalSection
	GlobalSection(ExtensibilityGlobals) = postSolution
		SolutionGuid = {8C6C43A6-19C9-4468-96CD-EBA7EA7CAF01}
	EndGlobalSection
EndGlobal
